
Microsoft Visual Studio Solution File, Format Version 12.00
# Visual Studio 15
VisualStudioVersion = 15.0.28306.52
MinimumVisualStudioVersion = 10.0.40219.1
Project("{FAE04EC0-301F-11D3-BF4B-00C04F79EFBC}") = "SingletonPattern", "SingletonPattern\SingletonPattern.csproj", "{9ADE5EBE-90D2-42AC-94EF-600154D349A8}"
EndProject
Project("{2150E333-8FDC-42A3-9474-1A3956D46DE8}") = "01-Singleton (单例模式)", "01-Singleton (单例模式)", "{010E051A-3D88-44FE-A64D-B2286F8DF8E5}"
EndProject
Project("{2150E333-8FDC-42A3-9474-1A3956D46DE8}") = "02-SimpleFactory (简单工厂)", "02-SimpleFactory (简单工厂)", "{7D2D4CE5-F83E-44AC-AC42-7A54DA1D7AD0}"
EndProject
Project("{FAE04EC0-301F-11D3-BF4B-00C04F79EFBC}") = "SimpleFactory", "SimpleFactory\SimpleFactory.csproj", "{788F6769-F305-4093-BC06-D64613C7F704}"
EndProject
Project("{2150E333-8FDC-42A3-9474-1A3956D46DE8}") = "03-FactoryMethod (工厂方法)", "03-FactoryMethod (工厂方法)", "{9CAB1C8A-4319-4B38-867F-9CE23941E49D}"
EndProject
Project("{2150E333-8FDC-42A3-9474-1A3956D46DE8}") = "04-AbstractFactory (抽象工厂)", "04-AbstractFactory (抽象工厂)", "{A113B92B-721C-4196-94F7-D8BCBD3E4DD0}"
EndProject
Project("{FAE04EC0-301F-11D3-BF4B-00C04F79EFBC}") = "FactoryMethod", "FactoryMethod\FactoryMethod.csproj", "{F003C12D-85C2-4127-9B7A-6EE1A119D9ED}"
EndProject
Project("{FAE04EC0-301F-11D3-BF4B-00C04F79EFBC}") = "AbstractFactory", "AbstractFactory\AbstractFactory.csproj", "{907D90F1-9518-4698-9E8D-D4040A127D8E}"
EndProject
Project("{2150E333-8FDC-42A3-9474-1A3956D46DE8}") = "1-Creational Patterns (创建型设计模式)", "1-Creational Patterns (创建型设计模式)", "{CF8CD4D3-A279-4B2F-A915-78AA44413EC5}"
EndProject
Project("{2150E333-8FDC-42A3-9474-1A3956D46DE8}") = "05-Prototype (原型模式)", "05-Prototype (原型模式)", "{867B2546-9832-45CD-84F8-95DB5CD7F081}"
EndProject
Project("{FAE04EC0-301F-11D3-BF4B-00C04F79EFBC}") = "PrototypePattern", "PrototypePattern\PrototypePattern.csproj", "{E0885A25-5A3C-43EE-9265-DF888FC1D9BB}"
EndProject
Project("{2150E333-8FDC-42A3-9474-1A3956D46DE8}") = "06-Builder (建造者模式)", "06-Builder (建造者模式)", "{AD36D8ED-1E30-4963-965E-BA21A5650A5D}"
EndProject
Project("{2150E333-8FDC-42A3-9474-1A3956D46DE8}") = "2-Structural Patterns (结构型设计模式)", "2-Structural Patterns (结构型设计模式)", "{7BB0D035-26AE-4A86-BF68-1548D6AA6F5F}"
EndProject
Project("{2150E333-8FDC-42A3-9474-1A3956D46DE8}") = "3-Behavioral Patterns (行为型设计模式)", "3-Behavioral Patterns (行为型设计模式)", "{0A31D1B6-E175-4BAE-8A72-3FF11293F7A5}"
EndProject
Project("{2150E333-8FDC-42A3-9474-1A3956D46DE8}") = "0-设计模式六大原则", "0-设计模式六大原则", "{E96E4D25-CB98-488C-94FA-D9F8E778723F}"
EndProject
Project("{FAE04EC0-301F-11D3-BF4B-00C04F79EFBC}") = "BuilderPattern", "BuilderPattern\BuilderPattern.csproj", "{4CAC2B8C-B8B5-4D84-BBC0-FA26437C9645}"
EndProject
Project("{2150E333-8FDC-42A3-9474-1A3956D46DE8}") = "07-Adapter (适配器模式)", "07-Adapter (适配器模式)", "{489A462E-3F43-4D2F-BB16-02DE5DA54261}"
EndProject
Project("{FAE04EC0-301F-11D3-BF4B-00C04F79EFBC}") = "AdapterPattern", "AdapterPattern\AdapterPattern.csproj", "{FD907367-102F-40F6-AF51-81222C80769B}"
EndProject
Global
	GlobalSection(SolutionConfigurationPlatforms) = preSolution
		Debug|Any CPU = Debug|Any CPU
		Release|Any CPU = Release|Any CPU
	EndGlobalSection
	GlobalSection(ProjectConfigurationPlatforms) = postSolution
		{9ADE5EBE-90D2-42AC-94EF-600154D349A8}.Debug|Any CPU.ActiveCfg = Debug|Any CPU
		{9ADE5EBE-90D2-42AC-94EF-600154D349A8}.Debug|Any CPU.Build.0 = Debug|Any CPU
		{9ADE5EBE-90D2-42AC-94EF-600154D349A8}.Release|Any CPU.ActiveCfg = Release|Any CPU
		{9ADE5EBE-90D2-42AC-94EF-600154D349A8}.Release|Any CPU.Build.0 = Release|Any CPU
		{788F6769-F305-4093-BC06-D64613C7F704}.Debug|Any CPU.ActiveCfg = Debug|Any CPU
		{788F6769-F305-4093-BC06-D64613C7F704}.Debug|Any CPU.Build.0 = Debug|Any CPU
		{788F6769-F305-4093-BC06-D64613C7F704}.Release|Any CPU.ActiveCfg = Release|Any CPU
		{788F6769-F305-4093-BC06-D64613C7F704}.Release|Any CPU.Build.0 = Release|Any CPU
		{F003C12D-85C2-4127-9B7A-6EE1A119D9ED}.Debug|Any CPU.ActiveCfg = Debug|Any CPU
		{F003C12D-85C2-4127-9B7A-6EE1A119D9ED}.Debug|Any CPU.Build.0 = Debug|Any CPU
		{F003C12D-85C2-4127-9B7A-6EE1A119D9ED}.Release|Any CPU.ActiveCfg = Release|Any CPU
		{F003C12D-85C2-4127-9B7A-6EE1A119D9ED}.Release|Any CPU.Build.0 = Release|Any CPU
		{907D90F1-9518-4698-9E8D-D4040A127D8E}.Debug|Any CPU.ActiveCfg = Debug|Any CPU
		{907D90F1-9518-4698-9E8D-D4040A127D8E}.Debug|Any CPU.Build.0 = Debug|Any CPU
		{907D90F1-9518-4698-9E8D-D4040A127D8E}.Release|Any CPU.ActiveCfg = Release|Any CPU
		{907D90F1-9518-4698-9E8D-D4040A127D8E}.Release|Any CPU.Build.0 = Release|Any CPU
		{E0885A25-5A3C-43EE-9265-DF888FC1D9BB}.Debug|Any CPU.ActiveCfg = Debug|Any CPU
		{E0885A25-5A3C-43EE-9265-DF888FC1D9BB}.Debug|Any CPU.Build.0 = Debug|Any CPU
		{E0885A25-5A3C-43EE-9265-DF888FC1D9BB}.Release|Any CPU.ActiveCfg = Release|Any CPU
		{E0885A25-5A3C-43EE-9265-DF888FC1D9BB}.Release|Any CPU.Build.0 = Release|Any CPU
		{4CAC2B8C-B8B5-4D84-BBC0-FA26437C9645}.Debug|Any CPU.ActiveCfg = Debug|Any CPU
		{4CAC2B8C-B8B5-4D84-BBC0-FA26437C9645}.Debug|Any CPU.Build.0 = Debug|Any CPU
		{4CAC2B8C-B8B5-4D84-BBC0-FA26437C9645}.Release|Any CPU.ActiveCfg = Release|Any CPU
		{4CAC2B8C-B8B5-4D84-BBC0-FA26437C9645}.Release|Any CPU.Build.0 = Release|Any CPU
		{FD907367-102F-40F6-AF51-81222C80769B}.Debug|Any CPU.ActiveCfg = Debug|Any CPU
		{FD907367-102F-40F6-AF51-81222C80769B}.Debug|Any CPU.Build.0 = Debug|Any CPU
		{FD907367-102F-40F6-AF51-81222C80769B}.Release|Any CPU.ActiveCfg = Release|Any CPU
		{FD907367-102F-40F6-AF51-81222C80769B}.Release|Any CPU.Build.0 = Release|Any CPU
	EndGlobalSection
	GlobalSection(SolutionProperties) = preSolution
		HideSolutionNode = FALSE
	EndGlobalSection
	GlobalSection(NestedProjects) = preSolution
		{9ADE5EBE-90D2-42AC-94EF-600154D349A8} = {010E051A-3D88-44FE-A64D-B2286F8DF8E5}
		{010E051A-3D88-44FE-A64D-B2286F8DF8E5} = {CF8CD4D3-A279-4B2F-A915-78AA44413EC5}
		{7D2D4CE5-F83E-44AC-AC42-7A54DA1D7AD0} = {CF8CD4D3-A279-4B2F-A915-78AA44413EC5}
		{788F6769-F305-4093-BC06-D64613C7F704} = {7D2D4CE5-F83E-44AC-AC42-7A54DA1D7AD0}
		{9CAB1C8A-4319-4B38-867F-9CE23941E49D} = {CF8CD4D3-A279-4B2F-A915-78AA44413EC5}
		{A113B92B-721C-4196-94F7-D8BCBD3E4DD0} = {CF8CD4D3-A279-4B2F-A915-78AA44413EC5}
		{F003C12D-85C2-4127-9B7A-6EE1A119D9ED} = {9CAB1C8A-4319-4B38-867F-9CE23941E49D}
		{907D90F1-9518-4698-9E8D-D4040A127D8E} = {A113B92B-721C-4196-94F7-D8BCBD3E4DD0}
		{867B2546-9832-45CD-84F8-95DB5CD7F081} = {CF8CD4D3-A279-4B2F-A915-78AA44413EC5}
		{E0885A25-5A3C-43EE-9265-DF888FC1D9BB} = {867B2546-9832-45CD-84F8-95DB5CD7F081}
		{AD36D8ED-1E30-4963-965E-BA21A5650A5D} = {CF8CD4D3-A279-4B2F-A915-78AA44413EC5}
		{4CAC2B8C-B8B5-4D84-BBC0-FA26437C9645} = {AD36D8ED-1E30-4963-965E-BA21A5650A5D}
		{489A462E-3F43-4D2F-BB16-02DE5DA54261} = {7BB0D035-26AE-4A86-BF68-1548D6AA6F5F}
		{FD907367-102F-40F6-AF51-81222C80769B} = {489A462E-3F43-4D2F-BB16-02DE5DA54261}
	EndGlobalSection
	GlobalSection(ExtensibilityGlobals) = postSolution
		SolutionGuid = {D12B94E5-25FE-4DC7-BCF1-5F340AC5832C}
	EndGlobalSection
EndGlobal
