
Microsoft Visual Studio Solution File, Format Version 12.00
# Visual Studio 15
VisualStudioVersion = 15.0.28306.52
MinimumVisualStudioVersion = 10.0.40219.1
Project("{FAE04EC0-301F-11D3-BF4B-00C04F79EFBC}") = "SingletonPattern", "SingletonPattern\SingletonPattern.csproj", "{9ADE5EBE-90D2-42AC-94EF-600154D349A8}"
EndProject
Project("{2150E333-8FDC-42A3-9474-1A3956D46DE8}") = "01-Singleton (单例模式)", "01-Singleton (单例模式)", "{010E051A-3D88-44FE-A64D-B2286F8DF8E5}"
EndProject
Project("{2150E333-8FDC-42A3-9474-1A3956D46DE8}") = "02-SimpleFactory (简单工厂)", "02-SimpleFactory (简单工厂)", "{7D2D4CE5-F83E-44AC-AC42-7A54DA1D7AD0}"
EndProject
Project("{FAE04EC0-301F-11D3-BF4B-00C04F79EFBC}") = "SimpleFactory", "SimpleFactory\SimpleFactory.csproj", "{788F6769-F305-4093-BC06-D64613C7F704}"
EndProject
Project("{2150E333-8FDC-42A3-9474-1A3956D46DE8}") = "03-FactoryMethod (工厂方法)", "03-FactoryMethod (工厂方法)", "{9CAB1C8A-4319-4B38-867F-9CE23941E49D}"
EndProject
Project("{2150E333-8FDC-42A3-9474-1A3956D46DE8}") = "04-AbstractFactory (抽象工厂)", "04-AbstractFactory (抽象工厂)", "{A113B92B-721C-4196-94F7-D8BCBD3E4DD0}"
EndProject
Project("{FAE04EC0-301F-11D3-BF4B-00C04F79EFBC}") = "FactoryMethod", "FactoryMethod\FactoryMethod.csproj", "{F003C12D-85C2-4127-9B7A-6EE1A119D9ED}"
EndProject
Project("{FAE04EC0-301F-11D3-BF4B-00C04F79EFBC}") = "AbstractFactory", "AbstractFactory\AbstractFactory.csproj", "{907D90F1-9518-4698-9E8D-D4040A127D8E}"
EndProject
Project("{2150E333-8FDC-42A3-9474-1A3956D46DE8}") = "1-Creational Patterns (创建型设计模式)", "1-Creational Patterns (创建型设计模式)", "{CF8CD4D3-A279-4B2F-A915-78AA44413EC5}"
EndProject
Project("{2150E333-8FDC-42A3-9474-1A3956D46DE8}") = "05-Prototype (原型模式)", "05-Prototype (原型模式)", "{867B2546-9832-45CD-84F8-95DB5CD7F081}"
EndProject
Project("{FAE04EC0-301F-11D3-BF4B-00C04F79EFBC}") = "PrototypePattern", "PrototypePattern\PrototypePattern.csproj", "{E0885A25-5A3C-43EE-9265-DF888FC1D9BB}"
EndProject
Project("{2150E333-8FDC-42A3-9474-1A3956D46DE8}") = "06-Builder (建造者模式)", "06-Builder (建造者模式)", "{AD36D8ED-1E30-4963-965E-BA21A5650A5D}"
EndProject
Project("{2150E333-8FDC-42A3-9474-1A3956D46DE8}") = "2-Structural Patterns (结构型设计模式)", "2-Structural Patterns (结构型设计模式)", "{7BB0D035-26AE-4A86-BF68-1548D6AA6F5F}"
EndProject
Project("{2150E333-8FDC-42A3-9474-1A3956D46DE8}") = "3-Behavioral Patterns (行为型设计模式)", "3-Behavioral Patterns (行为型设计模式)", "{0A31D1B6-E175-4BAE-8A72-3FF11293F7A5}"
EndProject
Project("{2150E333-8FDC-42A3-9474-1A3956D46DE8}") = "0-设计模式六大原则", "0-设计模式六大原则", "{E96E4D25-CB98-488C-94FA-D9F8E778723F}"
EndProject
Project("{FAE04EC0-301F-11D3-BF4B-00C04F79EFBC}") = "BuilderPattern", "BuilderPattern\BuilderPattern.csproj", "{4CAC2B8C-B8B5-4D84-BBC0-FA26437C9645}"
EndProject
Project("{2150E333-8FDC-42A3-9474-1A3956D46DE8}") = "07-Adapter (适配器模式)", "07-Adapter (适配器模式)", "{489A462E-3F43-4D2F-BB16-02DE5DA54261}"
EndProject
Project("{FAE04EC0-301F-11D3-BF4B-00C04F79EFBC}") = "AdapterPattern", "AdapterPattern\AdapterPattern.csproj", "{FD907367-102F-40F6-AF51-81222C80769B}"
EndProject
Project("{2150E333-8FDC-42A3-9474-1A3956D46DE8}") = "08-Bridge(桥接模式)", "08-Bridge(桥接模式)", "{99388F1B-7B80-46FC-9036-E1013286CDAB}"
EndProject
Project("{FAE04EC0-301F-11D3-BF4B-00C04F79EFBC}") = "BridgePattern", "BridgePattern\BridgePattern.csproj", "{98852915-096B-436D-8325-BC2EF33F005D}"
EndProject
Project("{2150E333-8FDC-42A3-9474-1A3956D46DE8}") = "09-Composite(组合模式)", "09-Composite(组合模式)", "{C51035AF-FE09-4B31-B28D-9A4B789B9093}"
EndProject
Project("{FAE04EC0-301F-11D3-BF4B-00C04F79EFBC}") = "CompositePattern", "CompositePattern\CompositePattern.csproj", "{1C0D6CA0-221B-41D3-9EDA-B463B08288E9}"
EndProject
Project("{2150E333-8FDC-42A3-9474-1A3956D46DE8}") = "10-Decorator(装饰模式)", "10-Decorator(装饰模式)", "{A468F645-F5E5-4EB6-9F0C-FA4D58BC3143}"
EndProject
Project("{2150E333-8FDC-42A3-9474-1A3956D46DE8}") = "11-Facade(外观模式)", "11-Facade(外观模式)", "{426FB403-5172-49DD-AE4F-FA521812A6E9}"
EndProject
Project("{2150E333-8FDC-42A3-9474-1A3956D46DE8}") = "12-Flyweight(享元模式)", "12-Flyweight(享元模式)", "{4747496B-67EC-479E-8C65-73020426FF92}"
EndProject
Project("{2150E333-8FDC-42A3-9474-1A3956D46DE8}") = "13-Proxy(代理模式)", "13-Proxy(代理模式)", "{B37FCBB4-2EDE-49B1-AB6A-25E7CEE3FA67}"
EndProject
Project("{2150E333-8FDC-42A3-9474-1A3956D46DE8}") = "14-Interpreter(解释器模式)", "14-Interpreter(解释器模式)", "{D290B622-FA6E-4624-BFFA-FA02A24642F9}"
EndProject
Project("{2150E333-8FDC-42A3-9474-1A3956D46DE8}") = "15-TemplateMethod(模板方法模式)", "15-TemplateMethod(模板方法模式)", "{5FE4C886-3CFC-46F9-A953-2C7813B9421B}"
EndProject
Project("{2150E333-8FDC-42A3-9474-1A3956D46DE8}") = "16-ChainOfResponsibility(责任链模式)", "16-ChainOfResponsibility(责任链模式)", "{5BE25224-4103-4BDD-98F9-EDEC2A7F21B9}"
EndProject
Project("{2150E333-8FDC-42A3-9474-1A3956D46DE8}") = "17-Command(命令模式)", "17-Command(命令模式)", "{63434C06-181F-4C7A-9E31-CB13BF0AAAAB}"
EndProject
Project("{2150E333-8FDC-42A3-9474-1A3956D46DE8}") = "18-Iterator(迭代器模式)", "18-Iterator(迭代器模式)", "{1534788C-AE43-4E91-861D-3132103965AF}"
EndProject
Project("{2150E333-8FDC-42A3-9474-1A3956D46DE8}") = "19-Mediator(中介者模式)", "19-Mediator(中介者模式)", "{5E7F10A5-5623-48F9-AEF6-9866C778215B}"
EndProject
Project("{2150E333-8FDC-42A3-9474-1A3956D46DE8}") = "20-Memento(备忘录模式)", "20-Memento(备忘录模式)", "{4194F512-713E-432C-AAF9-C7E8D8B985DC}"
EndProject
Project("{2150E333-8FDC-42A3-9474-1A3956D46DE8}") = "21-Oberver(观察者模式)", "21-Oberver(观察者模式)", "{A5EC0B15-10ED-4BBD-978C-21B65CD1D5DB}"
EndProject
Project("{2150E333-8FDC-42A3-9474-1A3956D46DE8}") = "22-State(状态模式)", "22-State(状态模式)", "{7275C523-3643-4664-8E3E-16E1454CA2D5}"
EndProject
Project("{2150E333-8FDC-42A3-9474-1A3956D46DE8}") = "23-Strategy(策略模式)", "23-Strategy(策略模式)", "{779FFD0D-08B0-49FF-A69A-88D4D6492EDE}"
EndProject
Project("{2150E333-8FDC-42A3-9474-1A3956D46DE8}") = "24-Visitor(访问者模式)", "24-Visitor(访问者模式)", "{0E5088F3-AB27-47EE-9F63-849970601E6D}"
EndProject
Project("{FAE04EC0-301F-11D3-BF4B-00C04F79EFBC}") = "DecoratorPattern", "DecoratorPattern\DecoratorPattern.csproj", "{703C3EE7-C476-4068-9E7E-005E94190870}"
EndProject
Project("{FAE04EC0-301F-11D3-BF4B-00C04F79EFBC}") = "FacadePattern", "FacadePattern\FacadePattern.csproj", "{1EE49B25-EBEB-41CD-A992-B77EA0ECA689}"
EndProject
Project("{FAE04EC0-301F-11D3-BF4B-00C04F79EFBC}") = "FlyweightPattern", "FlyweightPattern\FlyweightPattern.csproj", "{AF166846-F4BC-4ADE-96A6-5BD4BB08C5A0}"
EndProject
Project("{FAE04EC0-301F-11D3-BF4B-00C04F79EFBC}") = "ProxyPattern", "ProxyPattern\ProxyPattern.csproj", "{48EB4601-2AEF-4806-B5BC-F0B7B5F76333}"
EndProject
Project("{FAE04EC0-301F-11D3-BF4B-00C04F79EFBC}") = "InterpreterPattern", "InterpreterPattern\InterpreterPattern.csproj", "{55D06F02-AC79-4A2B-A375-6F3744185124}"
EndProject
Project("{FAE04EC0-301F-11D3-BF4B-00C04F79EFBC}") = "TemplateMethodPattern", "TemplateMethodPattern\TemplateMethodPattern.csproj", "{EE36AA36-9314-4B38-B2C8-0A1813D6574A}"
EndProject
Project("{FAE04EC0-301F-11D3-BF4B-00C04F79EFBC}") = "ChainOfResponsibilityPattern", "ChainOfResponsibilityPattern\ChainOfResponsibilityPattern.csproj", "{8CAE54DC-E8A1-446A-B3A3-5AB2F2E4EEB5}"
EndProject
Project("{FAE04EC0-301F-11D3-BF4B-00C04F79EFBC}") = "CommandPattern", "CommandPattern\CommandPattern.csproj", "{540917D1-EF2C-4E7D-9ED0-AF54118494AA}"
EndProject
Project("{FAE04EC0-301F-11D3-BF4B-00C04F79EFBC}") = "IteratorPattern", "IteratorPattern\IteratorPattern.csproj", "{93F43520-482D-4F28-9BF3-0662C2775DCC}"
EndProject
Project("{FAE04EC0-301F-11D3-BF4B-00C04F79EFBC}") = "MediatorPattern", "MediatorPattern\MediatorPattern.csproj", "{DAE4D178-5A80-4D92-90AC-841009874802}"
EndProject
Project("{FAE04EC0-301F-11D3-BF4B-00C04F79EFBC}") = "MementoPattern", "MementoPattern\MementoPattern.csproj", "{CAD00EAA-BD23-4C1A-A10A-6B7379A79661}"
EndProject
Project("{FAE04EC0-301F-11D3-BF4B-00C04F79EFBC}") = "OberverPattern", "OberverPattern\OberverPattern.csproj", "{5BFCDD0C-B75F-4004-8A47-842101EEB1C8}"
EndProject
Project("{FAE04EC0-301F-11D3-BF4B-00C04F79EFBC}") = "StatePattern", "StatePattern\StatePattern.csproj", "{8DCFDEA3-5D16-4BE4-86A9-1D9BB3E4C25B}"
EndProject
Project("{FAE04EC0-301F-11D3-BF4B-00C04F79EFBC}") = "StrategyPattern", "StrategyPattern\StrategyPattern.csproj", "{67EB0171-BE25-414B-97E0-7260BC4652BB}"
EndProject
Project("{FAE04EC0-301F-11D3-BF4B-00C04F79EFBC}") = "VisitorPattern", "VisitorPattern\VisitorPattern.csproj", "{2BFBD0A7-4E59-49D0-B1D6-F4F9433EEBA9}"
EndProject
Project("{2150E333-8FDC-42A3-9474-1A3956D46DE8}") = "01-SingleResponsibilityPrinciple(单一职责原则)", "01-SingleResponsibilityPrinciple(单一职责原则)", "{C256E7FA-F91C-42B1-A898-BE59CF4BD2DE}"
EndProject
Project("{2150E333-8FDC-42A3-9474-1A3956D46DE8}") = "02-OpenClosePrinciple(开闭原则)", "02-OpenClosePrinciple(开闭原则)", "{FE4D1C10-BF8F-4EE9-A87D-43BECF4832D1}"
EndProject
Project("{2150E333-8FDC-42A3-9474-1A3956D46DE8}") = "03-LiskovSubstitutionPrinciple(里氏替换原则)", "03-LiskovSubstitutionPrinciple(里氏替换原则)", "{E9E0EDD6-0BAC-4754-B9BC-71ECFB540128}"
EndProject
Project("{2150E333-8FDC-42A3-9474-1A3956D46DE8}") = "04-InterfaceSegregationPrinciple(接口隔离原则)", "04-InterfaceSegregationPrinciple(接口隔离原则)", "{E9EA23C4-FC25-4D6D-A98E-1D93D7B9643A}"
EndProject
Project("{2150E333-8FDC-42A3-9474-1A3956D46DE8}") = "05-DependenceInversionPrinciple(依赖倒置原则)", "05-DependenceInversionPrinciple(依赖倒置原则)", "{5FEE8BD5-9F7B-4417-A56C-906E6D375B05}"
EndProject
Project("{2150E333-8FDC-42A3-9474-1A3956D46DE8}") = "06-LowOfDemeter(迪米特法则)", "06-LowOfDemeter(迪米特法则)", "{C6A75C94-7CCB-47E7-98AA-DFCDAF8A83E2}"
EndProject
Global
	GlobalSection(SolutionConfigurationPlatforms) = preSolution
		Debug|Any CPU = Debug|Any CPU
		Release|Any CPU = Release|Any CPU
	EndGlobalSection
	GlobalSection(ProjectConfigurationPlatforms) = postSolution
		{9ADE5EBE-90D2-42AC-94EF-600154D349A8}.Debug|Any CPU.ActiveCfg = Debug|Any CPU
		{9ADE5EBE-90D2-42AC-94EF-600154D349A8}.Debug|Any CPU.Build.0 = Debug|Any CPU
		{9ADE5EBE-90D2-42AC-94EF-600154D349A8}.Release|Any CPU.ActiveCfg = Release|Any CPU
		{9ADE5EBE-90D2-42AC-94EF-600154D349A8}.Release|Any CPU.Build.0 = Release|Any CPU
		{788F6769-F305-4093-BC06-D64613C7F704}.Debug|Any CPU.ActiveCfg = Debug|Any CPU
		{788F6769-F305-4093-BC06-D64613C7F704}.Debug|Any CPU.Build.0 = Debug|Any CPU
		{788F6769-F305-4093-BC06-D64613C7F704}.Release|Any CPU.ActiveCfg = Release|Any CPU
		{788F6769-F305-4093-BC06-D64613C7F704}.Release|Any CPU.Build.0 = Release|Any CPU
		{F003C12D-85C2-4127-9B7A-6EE1A119D9ED}.Debug|Any CPU.ActiveCfg = Debug|Any CPU
		{F003C12D-85C2-4127-9B7A-6EE1A119D9ED}.Debug|Any CPU.Build.0 = Debug|Any CPU
		{F003C12D-85C2-4127-9B7A-6EE1A119D9ED}.Release|Any CPU.ActiveCfg = Release|Any CPU
		{F003C12D-85C2-4127-9B7A-6EE1A119D9ED}.Release|Any CPU.Build.0 = Release|Any CPU
		{907D90F1-9518-4698-9E8D-D4040A127D8E}.Debug|Any CPU.ActiveCfg = Debug|Any CPU
		{907D90F1-9518-4698-9E8D-D4040A127D8E}.Debug|Any CPU.Build.0 = Debug|Any CPU
		{907D90F1-9518-4698-9E8D-D4040A127D8E}.Release|Any CPU.ActiveCfg = Release|Any CPU
		{907D90F1-9518-4698-9E8D-D4040A127D8E}.Release|Any CPU.Build.0 = Release|Any CPU
		{E0885A25-5A3C-43EE-9265-DF888FC1D9BB}.Debug|Any CPU.ActiveCfg = Debug|Any CPU
		{E0885A25-5A3C-43EE-9265-DF888FC1D9BB}.Debug|Any CPU.Build.0 = Debug|Any CPU
		{E0885A25-5A3C-43EE-9265-DF888FC1D9BB}.Release|Any CPU.ActiveCfg = Release|Any CPU
		{E0885A25-5A3C-43EE-9265-DF888FC1D9BB}.Release|Any CPU.Build.0 = Release|Any CPU
		{4CAC2B8C-B8B5-4D84-BBC0-FA26437C9645}.Debug|Any CPU.ActiveCfg = Debug|Any CPU
		{4CAC2B8C-B8B5-4D84-BBC0-FA26437C9645}.Debug|Any CPU.Build.0 = Debug|Any CPU
		{4CAC2B8C-B8B5-4D84-BBC0-FA26437C9645}.Release|Any CPU.ActiveCfg = Release|Any CPU
		{4CAC2B8C-B8B5-4D84-BBC0-FA26437C9645}.Release|Any CPU.Build.0 = Release|Any CPU
		{FD907367-102F-40F6-AF51-81222C80769B}.Debug|Any CPU.ActiveCfg = Debug|Any CPU
		{FD907367-102F-40F6-AF51-81222C80769B}.Debug|Any CPU.Build.0 = Debug|Any CPU
		{FD907367-102F-40F6-AF51-81222C80769B}.Release|Any CPU.ActiveCfg = Release|Any CPU
		{FD907367-102F-40F6-AF51-81222C80769B}.Release|Any CPU.Build.0 = Release|Any CPU
		{98852915-096B-436D-8325-BC2EF33F005D}.Debug|Any CPU.ActiveCfg = Debug|Any CPU
		{98852915-096B-436D-8325-BC2EF33F005D}.Debug|Any CPU.Build.0 = Debug|Any CPU
		{98852915-096B-436D-8325-BC2EF33F005D}.Release|Any CPU.ActiveCfg = Release|Any CPU
		{98852915-096B-436D-8325-BC2EF33F005D}.Release|Any CPU.Build.0 = Release|Any CPU
		{1C0D6CA0-221B-41D3-9EDA-B463B08288E9}.Debug|Any CPU.ActiveCfg = Debug|Any CPU
		{1C0D6CA0-221B-41D3-9EDA-B463B08288E9}.Debug|Any CPU.Build.0 = Debug|Any CPU
		{1C0D6CA0-221B-41D3-9EDA-B463B08288E9}.Release|Any CPU.ActiveCfg = Release|Any CPU
		{1C0D6CA0-221B-41D3-9EDA-B463B08288E9}.Release|Any CPU.Build.0 = Release|Any CPU
		{703C3EE7-C476-4068-9E7E-005E94190870}.Debug|Any CPU.ActiveCfg = Debug|Any CPU
		{703C3EE7-C476-4068-9E7E-005E94190870}.Debug|Any CPU.Build.0 = Debug|Any CPU
		{703C3EE7-C476-4068-9E7E-005E94190870}.Release|Any CPU.ActiveCfg = Release|Any CPU
		{703C3EE7-C476-4068-9E7E-005E94190870}.Release|Any CPU.Build.0 = Release|Any CPU
		{1EE49B25-EBEB-41CD-A992-B77EA0ECA689}.Debug|Any CPU.ActiveCfg = Debug|Any CPU
		{1EE49B25-EBEB-41CD-A992-B77EA0ECA689}.Debug|Any CPU.Build.0 = Debug|Any CPU
		{1EE49B25-EBEB-41CD-A992-B77EA0ECA689}.Release|Any CPU.ActiveCfg = Release|Any CPU
		{1EE49B25-EBEB-41CD-A992-B77EA0ECA689}.Release|Any CPU.Build.0 = Release|Any CPU
		{AF166846-F4BC-4ADE-96A6-5BD4BB08C5A0}.Debug|Any CPU.ActiveCfg = Debug|Any CPU
		{AF166846-F4BC-4ADE-96A6-5BD4BB08C5A0}.Debug|Any CPU.Build.0 = Debug|Any CPU
		{AF166846-F4BC-4ADE-96A6-5BD4BB08C5A0}.Release|Any CPU.ActiveCfg = Release|Any CPU
		{AF166846-F4BC-4ADE-96A6-5BD4BB08C5A0}.Release|Any CPU.Build.0 = Release|Any CPU
		{48EB4601-2AEF-4806-B5BC-F0B7B5F76333}.Debug|Any CPU.ActiveCfg = Debug|Any CPU
		{48EB4601-2AEF-4806-B5BC-F0B7B5F76333}.Debug|Any CPU.Build.0 = Debug|Any CPU
		{48EB4601-2AEF-4806-B5BC-F0B7B5F76333}.Release|Any CPU.ActiveCfg = Release|Any CPU
		{48EB4601-2AEF-4806-B5BC-F0B7B5F76333}.Release|Any CPU.Build.0 = Release|Any CPU
		{55D06F02-AC79-4A2B-A375-6F3744185124}.Debug|Any CPU.ActiveCfg = Debug|Any CPU
		{55D06F02-AC79-4A2B-A375-6F3744185124}.Debug|Any CPU.Build.0 = Debug|Any CPU
		{55D06F02-AC79-4A2B-A375-6F3744185124}.Release|Any CPU.ActiveCfg = Release|Any CPU
		{55D06F02-AC79-4A2B-A375-6F3744185124}.Release|Any CPU.Build.0 = Release|Any CPU
		{EE36AA36-9314-4B38-B2C8-0A1813D6574A}.Debug|Any CPU.ActiveCfg = Debug|Any CPU
		{EE36AA36-9314-4B38-B2C8-0A1813D6574A}.Debug|Any CPU.Build.0 = Debug|Any CPU
		{EE36AA36-9314-4B38-B2C8-0A1813D6574A}.Release|Any CPU.ActiveCfg = Release|Any CPU
		{EE36AA36-9314-4B38-B2C8-0A1813D6574A}.Release|Any CPU.Build.0 = Release|Any CPU
		{8CAE54DC-E8A1-446A-B3A3-5AB2F2E4EEB5}.Debug|Any CPU.ActiveCfg = Debug|Any CPU
		{8CAE54DC-E8A1-446A-B3A3-5AB2F2E4EEB5}.Debug|Any CPU.Build.0 = Debug|Any CPU
		{8CAE54DC-E8A1-446A-B3A3-5AB2F2E4EEB5}.Release|Any CPU.ActiveCfg = Release|Any CPU
		{8CAE54DC-E8A1-446A-B3A3-5AB2F2E4EEB5}.Release|Any CPU.Build.0 = Release|Any CPU
		{540917D1-EF2C-4E7D-9ED0-AF54118494AA}.Debug|Any CPU.ActiveCfg = Debug|Any CPU
		{540917D1-EF2C-4E7D-9ED0-AF54118494AA}.Debug|Any CPU.Build.0 = Debug|Any CPU
		{540917D1-EF2C-4E7D-9ED0-AF54118494AA}.Release|Any CPU.ActiveCfg = Release|Any CPU
		{540917D1-EF2C-4E7D-9ED0-AF54118494AA}.Release|Any CPU.Build.0 = Release|Any CPU
		{93F43520-482D-4F28-9BF3-0662C2775DCC}.Debug|Any CPU.ActiveCfg = Debug|Any CPU
		{93F43520-482D-4F28-9BF3-0662C2775DCC}.Debug|Any CPU.Build.0 = Debug|Any CPU
		{93F43520-482D-4F28-9BF3-0662C2775DCC}.Release|Any CPU.ActiveCfg = Release|Any CPU
		{93F43520-482D-4F28-9BF3-0662C2775DCC}.Release|Any CPU.Build.0 = Release|Any CPU
		{DAE4D178-5A80-4D92-90AC-841009874802}.Debug|Any CPU.ActiveCfg = Debug|Any CPU
		{DAE4D178-5A80-4D92-90AC-841009874802}.Debug|Any CPU.Build.0 = Debug|Any CPU
		{DAE4D178-5A80-4D92-90AC-841009874802}.Release|Any CPU.ActiveCfg = Release|Any CPU
		{DAE4D178-5A80-4D92-90AC-841009874802}.Release|Any CPU.Build.0 = Release|Any CPU
		{CAD00EAA-BD23-4C1A-A10A-6B7379A79661}.Debug|Any CPU.ActiveCfg = Debug|Any CPU
		{CAD00EAA-BD23-4C1A-A10A-6B7379A79661}.Debug|Any CPU.Build.0 = Debug|Any CPU
		{CAD00EAA-BD23-4C1A-A10A-6B7379A79661}.Release|Any CPU.ActiveCfg = Release|Any CPU
		{CAD00EAA-BD23-4C1A-A10A-6B7379A79661}.Release|Any CPU.Build.0 = Release|Any CPU
		{5BFCDD0C-B75F-4004-8A47-842101EEB1C8}.Debug|Any CPU.ActiveCfg = Debug|Any CPU
		{5BFCDD0C-B75F-4004-8A47-842101EEB1C8}.Debug|Any CPU.Build.0 = Debug|Any CPU
		{5BFCDD0C-B75F-4004-8A47-842101EEB1C8}.Release|Any CPU.ActiveCfg = Release|Any CPU
		{5BFCDD0C-B75F-4004-8A47-842101EEB1C8}.Release|Any CPU.Build.0 = Release|Any CPU
		{8DCFDEA3-5D16-4BE4-86A9-1D9BB3E4C25B}.Debug|Any CPU.ActiveCfg = Debug|Any CPU
		{8DCFDEA3-5D16-4BE4-86A9-1D9BB3E4C25B}.Debug|Any CPU.Build.0 = Debug|Any CPU
		{8DCFDEA3-5D16-4BE4-86A9-1D9BB3E4C25B}.Release|Any CPU.ActiveCfg = Release|Any CPU
		{8DCFDEA3-5D16-4BE4-86A9-1D9BB3E4C25B}.Release|Any CPU.Build.0 = Release|Any CPU
		{67EB0171-BE25-414B-97E0-7260BC4652BB}.Debug|Any CPU.ActiveCfg = Debug|Any CPU
		{67EB0171-BE25-414B-97E0-7260BC4652BB}.Debug|Any CPU.Build.0 = Debug|Any CPU
		{67EB0171-BE25-414B-97E0-7260BC4652BB}.Release|Any CPU.ActiveCfg = Release|Any CPU
		{67EB0171-BE25-414B-97E0-7260BC4652BB}.Release|Any CPU.Build.0 = Release|Any CPU
		{2BFBD0A7-4E59-49D0-B1D6-F4F9433EEBA9}.Debug|Any CPU.ActiveCfg = Debug|Any CPU
		{2BFBD0A7-4E59-49D0-B1D6-F4F9433EEBA9}.Debug|Any CPU.Build.0 = Debug|Any CPU
		{2BFBD0A7-4E59-49D0-B1D6-F4F9433EEBA9}.Release|Any CPU.ActiveCfg = Release|Any CPU
		{2BFBD0A7-4E59-49D0-B1D6-F4F9433EEBA9}.Release|Any CPU.Build.0 = Release|Any CPU
	EndGlobalSection
	GlobalSection(SolutionProperties) = preSolution
		HideSolutionNode = FALSE
	EndGlobalSection
	GlobalSection(NestedProjects) = preSolution
		{9ADE5EBE-90D2-42AC-94EF-600154D349A8} = {010E051A-3D88-44FE-A64D-B2286F8DF8E5}
		{010E051A-3D88-44FE-A64D-B2286F8DF8E5} = {CF8CD4D3-A279-4B2F-A915-78AA44413EC5}
		{7D2D4CE5-F83E-44AC-AC42-7A54DA1D7AD0} = {CF8CD4D3-A279-4B2F-A915-78AA44413EC5}
		{788F6769-F305-4093-BC06-D64613C7F704} = {7D2D4CE5-F83E-44AC-AC42-7A54DA1D7AD0}
		{9CAB1C8A-4319-4B38-867F-9CE23941E49D} = {CF8CD4D3-A279-4B2F-A915-78AA44413EC5}
		{A113B92B-721C-4196-94F7-D8BCBD3E4DD0} = {CF8CD4D3-A279-4B2F-A915-78AA44413EC5}
		{F003C12D-85C2-4127-9B7A-6EE1A119D9ED} = {9CAB1C8A-4319-4B38-867F-9CE23941E49D}
		{907D90F1-9518-4698-9E8D-D4040A127D8E} = {A113B92B-721C-4196-94F7-D8BCBD3E4DD0}
		{867B2546-9832-45CD-84F8-95DB5CD7F081} = {CF8CD4D3-A279-4B2F-A915-78AA44413EC5}
		{E0885A25-5A3C-43EE-9265-DF888FC1D9BB} = {867B2546-9832-45CD-84F8-95DB5CD7F081}
		{AD36D8ED-1E30-4963-965E-BA21A5650A5D} = {CF8CD4D3-A279-4B2F-A915-78AA44413EC5}
		{4CAC2B8C-B8B5-4D84-BBC0-FA26437C9645} = {AD36D8ED-1E30-4963-965E-BA21A5650A5D}
		{489A462E-3F43-4D2F-BB16-02DE5DA54261} = {7BB0D035-26AE-4A86-BF68-1548D6AA6F5F}
		{FD907367-102F-40F6-AF51-81222C80769B} = {489A462E-3F43-4D2F-BB16-02DE5DA54261}
		{99388F1B-7B80-46FC-9036-E1013286CDAB} = {7BB0D035-26AE-4A86-BF68-1548D6AA6F5F}
		{98852915-096B-436D-8325-BC2EF33F005D} = {99388F1B-7B80-46FC-9036-E1013286CDAB}
		{C51035AF-FE09-4B31-B28D-9A4B789B9093} = {7BB0D035-26AE-4A86-BF68-1548D6AA6F5F}
		{1C0D6CA0-221B-41D3-9EDA-B463B08288E9} = {C51035AF-FE09-4B31-B28D-9A4B789B9093}
		{A468F645-F5E5-4EB6-9F0C-FA4D58BC3143} = {7BB0D035-26AE-4A86-BF68-1548D6AA6F5F}
		{426FB403-5172-49DD-AE4F-FA521812A6E9} = {7BB0D035-26AE-4A86-BF68-1548D6AA6F5F}
		{4747496B-67EC-479E-8C65-73020426FF92} = {7BB0D035-26AE-4A86-BF68-1548D6AA6F5F}
		{B37FCBB4-2EDE-49B1-AB6A-25E7CEE3FA67} = {7BB0D035-26AE-4A86-BF68-1548D6AA6F5F}
		{D290B622-FA6E-4624-BFFA-FA02A24642F9} = {0A31D1B6-E175-4BAE-8A72-3FF11293F7A5}
		{5FE4C886-3CFC-46F9-A953-2C7813B9421B} = {0A31D1B6-E175-4BAE-8A72-3FF11293F7A5}
		{5BE25224-4103-4BDD-98F9-EDEC2A7F21B9} = {0A31D1B6-E175-4BAE-8A72-3FF11293F7A5}
		{63434C06-181F-4C7A-9E31-CB13BF0AAAAB} = {0A31D1B6-E175-4BAE-8A72-3FF11293F7A5}
		{1534788C-AE43-4E91-861D-3132103965AF} = {0A31D1B6-E175-4BAE-8A72-3FF11293F7A5}
		{5E7F10A5-5623-48F9-AEF6-9866C778215B} = {0A31D1B6-E175-4BAE-8A72-3FF11293F7A5}
		{4194F512-713E-432C-AAF9-C7E8D8B985DC} = {0A31D1B6-E175-4BAE-8A72-3FF11293F7A5}
		{A5EC0B15-10ED-4BBD-978C-21B65CD1D5DB} = {0A31D1B6-E175-4BAE-8A72-3FF11293F7A5}
		{7275C523-3643-4664-8E3E-16E1454CA2D5} = {0A31D1B6-E175-4BAE-8A72-3FF11293F7A5}
		{779FFD0D-08B0-49FF-A69A-88D4D6492EDE} = {0A31D1B6-E175-4BAE-8A72-3FF11293F7A5}
		{0E5088F3-AB27-47EE-9F63-849970601E6D} = {0A31D1B6-E175-4BAE-8A72-3FF11293F7A5}
		{703C3EE7-C476-4068-9E7E-005E94190870} = {A468F645-F5E5-4EB6-9F0C-FA4D58BC3143}
		{1EE49B25-EBEB-41CD-A992-B77EA0ECA689} = {426FB403-5172-49DD-AE4F-FA521812A6E9}
		{AF166846-F4BC-4ADE-96A6-5BD4BB08C5A0} = {4747496B-67EC-479E-8C65-73020426FF92}
		{48EB4601-2AEF-4806-B5BC-F0B7B5F76333} = {B37FCBB4-2EDE-49B1-AB6A-25E7CEE3FA67}
		{55D06F02-AC79-4A2B-A375-6F3744185124} = {D290B622-FA6E-4624-BFFA-FA02A24642F9}
		{EE36AA36-9314-4B38-B2C8-0A1813D6574A} = {5FE4C886-3CFC-46F9-A953-2C7813B9421B}
		{8CAE54DC-E8A1-446A-B3A3-5AB2F2E4EEB5} = {5BE25224-4103-4BDD-98F9-EDEC2A7F21B9}
		{540917D1-EF2C-4E7D-9ED0-AF54118494AA} = {63434C06-181F-4C7A-9E31-CB13BF0AAAAB}
		{93F43520-482D-4F28-9BF3-0662C2775DCC} = {1534788C-AE43-4E91-861D-3132103965AF}
		{DAE4D178-5A80-4D92-90AC-841009874802} = {5E7F10A5-5623-48F9-AEF6-9866C778215B}
		{CAD00EAA-BD23-4C1A-A10A-6B7379A79661} = {4194F512-713E-432C-AAF9-C7E8D8B985DC}
		{5BFCDD0C-B75F-4004-8A47-842101EEB1C8} = {A5EC0B15-10ED-4BBD-978C-21B65CD1D5DB}
		{8DCFDEA3-5D16-4BE4-86A9-1D9BB3E4C25B} = {7275C523-3643-4664-8E3E-16E1454CA2D5}
		{67EB0171-BE25-414B-97E0-7260BC4652BB} = {779FFD0D-08B0-49FF-A69A-88D4D6492EDE}
		{2BFBD0A7-4E59-49D0-B1D6-F4F9433EEBA9} = {0E5088F3-AB27-47EE-9F63-849970601E6D}
		{C256E7FA-F91C-42B1-A898-BE59CF4BD2DE} = {E96E4D25-CB98-488C-94FA-D9F8E778723F}
		{FE4D1C10-BF8F-4EE9-A87D-43BECF4832D1} = {E96E4D25-CB98-488C-94FA-D9F8E778723F}
		{E9E0EDD6-0BAC-4754-B9BC-71ECFB540128} = {E96E4D25-CB98-488C-94FA-D9F8E778723F}
		{E9EA23C4-FC25-4D6D-A98E-1D93D7B9643A} = {E96E4D25-CB98-488C-94FA-D9F8E778723F}
		{5FEE8BD5-9F7B-4417-A56C-906E6D375B05} = {E96E4D25-CB98-488C-94FA-D9F8E778723F}
		{C6A75C94-7CCB-47E7-98AA-DFCDAF8A83E2} = {E96E4D25-CB98-488C-94FA-D9F8E778723F}
	EndGlobalSection
	GlobalSection(ExtensibilityGlobals) = postSolution
		SolutionGuid = {D12B94E5-25FE-4DC7-BCF1-5F340AC5832C}
	EndGlobalSection
EndGlobal
